Microsoft Visual Studio Solution File, Format Version 12.00
# Visual Studio Version 17
VisualStudioVersion = 17.5.2.0
MinimumVisualStudioVersion = 10.0.40219.1
Project("{2150E333-8FDC-42A3-9474-1A3956D46DE8}") = "checks", "checks", "{36CBE016-26E7-D9D2-6ED5-AE44737356E1}"
EndProject
Project("{FAE04EC0-301F-11D3-BF4B-00C04F79EFBC}") = "Sample", "checks\samples\Sample.csproj", "{68C6CEA0-8369-62FD-1111-1EB85EA21600}"
EndProject
Global
	GlobalSection(SolutionConfigurationPlatforms) = preSolution
		Debug|Any CPU = Debug|Any CPU
		Release|Any CPU = Release|Any CPU
	EndGlobalSection
	GlobalSection(ProjectConfigurationPlatforms) = postSolution
		{68C6CEA0-8369-62FD-1111-1EB85EA21600}.Debug|Any CPU.ActiveCfg = Debug|Any CPU
		{68C6CEA0-8369-62FD-1111-1EB85EA21600}.Debug|Any CPU.Build.0 = Debug|Any CPU
		{68C6CEA0-8369-62FD-1111-1EB85EA21600}.Release|Any CPU.ActiveCfg = Release|Any CPU
		{68C6CEA0-8369-62FD-1111-1EB85EA21600}.Release|Any CPU.Build.0 = Release|Any CPU
	EndGlobalSection
	GlobalSection(SolutionProperties) = preSolution
		HideSolutionNode = FALSE
	EndGlobalSection
	GlobalSection(NestedProjects) = preSolution
		{68C6CEA0-8369-62FD-1111-1EB85EA21600} = {36CBE016-26E7-D9D2-6ED5-AE44737356E1}
	EndGlobalSection
	GlobalSection(ExtensibilityGlobals) = postSolution
		SolutionGuid = {478470FB-B90B-46CA-967F-E415A4F105B3}
	EndGlobalSection
EndGlobal
